
Microsoft Visual Studio Solution File, Format Version 12.00
# Visual Studio Version 16
VisualStudioVersion = 16.0.29503.13
MinimumVisualStudioVersion = 10.0.40219.1
Project("{FAE04EC0-301F-11D3-BF4B-00C04F79EFBC}") = "Solution.Domain", "Solution.Domain\Solution.Domain.csproj", "{CA079CF0-CA2F-4E4D-AE2C-1ED54F2EEC78}"
EndProject
Project("{FAE04EC0-301F-11D3-BF4B-00C04F79EFBC}") = "Solution.Data", "Solution.Data\Solution.Data.csproj", "{576FFF05-6D38-420B-8BD1-255B6AED6460}"
EndProject
Project("{FAE04EC0-301F-11D3-BF4B-00C04F79EFBC}") = "Solution.Service", "Solution.Service\Solution.Service.csproj", "{1E399AF8-C83F-4EF3-B84E-15F55CF5532A}"
EndProject
Project("{FAE04EC0-301F-11D3-BF4B-00C04F79EFBC}") = "Service.Pattern", "Service.Pattern\Service.Pattern.csproj", "{E5B51643-11EB-4DF8-8C83-C4F9734E0126}"
EndProject
Project("{FAE04EC0-301F-11D3-BF4B-00C04F79EFBC}") = "Solution.Web", "Solution.Web\Solution.Web.csproj", "{1858733D-5F7B-4924-9DC2-E7CF02AD6043}"
EndProject
Global
	GlobalSection(SolutionConfigurationPlatforms) = preSolution
		Debug|Any CPU = Debug|Any CPU
		Release|Any CPU = Release|Any CPU
	EndGlobalSection
	GlobalSection(ProjectConfigurationPlatforms) = postSolution
		{CA079CF0-CA2F-4E4D-AE2C-1ED54F2EEC78}.Debug|Any CPU.ActiveCfg = Debug|Any CPU
		{CA079CF0-CA2F-4E4D-AE2C-1ED54F2EEC78}.Debug|Any CPU.Build.0 = Debug|Any CPU
		{CA079CF0-CA2F-4E4D-AE2C-1ED54F2EEC78}.Release|Any CPU.ActiveCfg = Release|Any CPU
		{CA079CF0-CA2F-4E4D-AE2C-1ED54F2EEC78}.Release|Any CPU.Build.0 = Release|Any CPU
		{576FFF05-6D38-420B-8BD1-255B6AED6460}.Debug|Any CPU.ActiveCfg = Debug|Any CPU
		{576FFF05-6D38-420B-8BD1-255B6AED6460}.Debug|Any CPU.Build.0 = Debug|Any CPU
		{576FFF05-6D38-420B-8BD1-255B6AED6460}.Release|Any CPU.ActiveCfg = Release|Any CPU
		{576FFF05-6D38-420B-8BD1-255B6AED6460}.Release|Any CPU.Build.0 = Release|Any CPU
		{1E399AF8-C83F-4EF3-B84E-15F55CF5532A}.Debug|Any CPU.ActiveCfg = Debug|Any CPU
		{1E399AF8-C83F-4EF3-B84E-15F55CF5532A}.Debug|Any CPU.Build.0 = Debug|Any CPU
		{1E399AF8-C83F-4EF3-B84E-15F55CF5532A}.Release|Any CPU.ActiveCfg = Release|Any CPU
		{1E399AF8-C83F-4EF3-B84E-15F55CF5532A}.Release|Any CPU.Build.0 = Release|Any CPU
		{E5B51643-11EB-4DF8-8C83-C4F9734E0126}.Debug|Any CPU.ActiveCfg = Debug|Any CPU
		{E5B51643-11EB-4DF8-8C83-C4F9734E0126}.Debug|Any CPU.Build.0 = Debug|Any CPU
		{E5B51643-11EB-4DF8-8C83-C4F9734E0126}.Release|Any CPU.ActiveCfg = Release|Any CPU
		{E5B51643-11EB-4DF8-8C83-C4F9734E0126}.Release|Any CPU.Build.0 = Release|Any CPU
		{1858733D-5F7B-4924-9DC2-E7CF02AD6043}.Debug|Any CPU.ActiveCfg = Debug|Any CPU
		{1858733D-5F7B-4924-9DC2-E7CF02AD6043}.Debug|Any CPU.Build.0 = Debug|Any CPU
		{1858733D-5F7B-4924-9DC2-E7CF02AD6043}.Release|Any CPU.ActiveCfg = Release|Any CPU
		{1858733D-5F7B-4924-9DC2-E7CF02AD6043}.Release|Any CPU.Build.0 = Release|Any CPU
	EndGlobalSection
	GlobalSection(SolutionProperties) = preSolution
		HideSolutionNode = FALSE
	EndGlobalSection
	GlobalSection(ExtensibilityGlobals) = postSolution
		SolutionGuid = {903F57EF-FFE5-40E3-AE9A-B487F7B51B34}
	EndGlobalSection
EndGlobal
